{
    "hash": "4bdea5f5bd4207711c792ed1c6268c70",
    "packages": [
        {
            "name": "braincrafted/bootstrap-bundle",
            "version": "dev-develop",
            "target-dir": "Bc/Bundle/BootstrapBundle",
            "source": {
                "type": "git",
                "url": "https://github.com/braincrafted/bootstrap-bundle.git",
                "reference": "51f1cd2bf1062e3d37502b4b745d0db88a957137"
            },
            "dist": {
                "type": "zip",
                "url": "https://api.github.com/repos/braincrafted/bootstrap-bundle/zipball/51f1cd2bf1062e3d37502b4b745d0db88a957137",
                "reference": "51f1cd2bf1062e3d37502b4b745d0db88a957137",
                "shasum": ""
            },
            "require": {
                "php": ">=5.3.3"
            },
            "require-dev": {
                "knplabs/knp-markdown-bundle": "dev-master",
                "knplabs/knp-menu": "dev-master",
                "knplabs/knp-menu-bundle": "dev-master",
                "knplabs/knp-paginator-bundle": "dev-master"
            },
            "suggest": {
                "knplabs/knp-menu": "Required to use KnpMenuBundle.",
                "knplabs/knp-menu-bundle": "BraincraftedBootstrapBundle styles the menus provided by KnpMenuBundle.",
                "knplabs/knp-paginator-bundle": "BraincraftedBootstrapBundle styles the pagination provided by KnpPaginatorBundle.",
                "twitter/bootstrap": "Twitter Bootstrap provides the assets (images, CSS and JS)"
            },
            "type": "symfony-bundle",
            "autoload": {
                "psr-0": {
                    "Bc\\Bundle\\BootstrapBundle": ""
                }
            },
            "notification-url": "https://packagist.org/downloads/",
            "license": [
                "MIT"
            ],
            "authors": [
                {
                    "name": "Florian Eckerstorfer",
                    "email": "florian@theroadtojoy.at",
                    "homepage": "http://florianeckerstorfer.com",
                    "role": "Developer"
                }
            ],
            "description": "Twitter Bootstrap for Symfony2",
            "keywords": [
                "bootstrap"
            ],
            "time": "2013-03-21 16:01:16"
        },
        {
            "name": "braincrafted/user-bundle",
            "version": "dev-develop",
            "target-dir": "Bc/Bundle/UserBundle",
            "source": {
                "type": "git",
                "url": "https://github.com/braincrafted/user-bundle.git",
                "reference": "d2ef1bced4d08b1dbad64fe42af3c0e301401f6e"
            },
            "dist": {
                "type": "zip",
                "url": "https://api.github.com/repos/braincrafted/user-bundle/zipball/d2ef1bced4d08b1dbad64fe42af3c0e301401f6e",
                "reference": "d2ef1bced4d08b1dbad64fe42af3c0e301401f6e",
                "shasum": ""
            },
            "require": {
                "php": ">=5.3.3"
            },
            "type": "symfony-bundle",
            "autoload": {
                "psr-0": {
                    "Bc\\Bundle\\UserBundle": ""
                }
            },
            "license": [
                "MIT"
            ],
            "authors": [
                {
                    "name": "Florian Eckerstorfer",
                    "email": "florian@theroadtojoy.at",
                    "homepage": "http://florianeckerstorfer.com"
                }
            ],
            "keywords": [
                "user"
            ],
            "support": {
                "source": "https://github.com/braincrafted/user-bundle/tree/develop",
                "issues": "https://github.com/braincrafted/user-bundle/issues"
            },
            "time": "2013-03-21 18:00:55"
        }
    ],
    "packages-dev": [

    ],
    "aliases": [

    ],
    "minimum-stability": "stable",
    "stability-flags": {
        "braincrafted/user-bundle": 20,
        "braincrafted/bootstrap-bundle": 20
    },
    "platform": {
        "php": ">=5.3.3"
    },
    "platform-dev": [

    ]
}
